<?xml version="1.0" encoding="UTF-8" standalone="yes" ?>
<CodeBlocks_project_file>
	<FileVersion major="1" minor="6" />
	<Project>
		<Option title="Cpp-Learning" />
		<Option pch_mode="2" />
		<Option compiler="gcc" />
		<Build>
			<Target title="Debug">
				<Option output="bin/Debug/Cpp-Learning" prefix_auto="1" extension_auto="1" />
				<Option object_output="obj/Debug/" />
				<Option type="1" />
				<Option compiler="clang" />
				<Compiler>
					<Add option="-Wall" />
					<Add option="-g" />
				</Compiler>
			</Target>
			<Target title="Release">
				<Option output="bin/Release/Cpp-Learning" prefix_auto="1" extension_auto="1" />
				<Option object_output="obj/Release/" />
				<Option type="1" />
				<Option compiler="clang" />
				<Compiler>
					<Add option="-O3" />
					<Add option="-Wall" />
				</Compiler>
				<Linker>
					<Add option="-s" />
					<Add option="-flto" />
				</Linker>
			</Target>
		</Build>
		<Compiler>
			<Add option="-Wall" />
			<Add option="-std=c++98" />
			<Add option="-ansi" />
			<Add option="-fexceptions" />
		</Compiler>
		<Unit filename="218.5.5.242.9018.1261.cpp" />
		<Unit filename="bzoj/1087.cpp" />
		<Unit filename="codevs/1004.cpp" />
		<Unit filename="codevs/1008.cpp" />
		<Unit filename="codevs/1011.cpp" />
		<Unit filename="codevs/1014.cpp" />
		<Unit filename="codevs/1039.cpp" />
		<Unit filename="codevs/1068-2.cpp" />
		<Unit filename="codevs/1068.cpp" />
		<Unit filename="codevs/1073.cpp" />
		<Unit filename="codevs/1077.cpp" />
		<Unit filename="codevs/1102.cpp" />
		<Unit filename="codevs/1115.cpp" />
		<Unit filename="codevs/1160.cpp" />
		<Unit filename="codevs/1212.cpp" />
		<Unit filename="codevs/1288.cpp" />
		<Unit filename="codevs/1294.cpp" />
		<Unit filename="codevs/1380.cpp" />
		<Unit filename="codevs/1540.cpp" />
		<Unit filename="codevs/1669.cpp" />
		<Unit filename="codevs/1842.cpp" />
		<Unit filename="codevs/1978.cpp" />
		<Unit filename="codevs/2038.cpp" />
		<Unit filename="codevs/2080.cpp" />
		<Unit filename="codevs/2152.cpp" />
		<Unit filename="codevs/2194.cpp" />
		<Unit filename="codevs/2451.cpp" />
		<Unit filename="codevs/3038.cpp" />
		<Unit filename="codevs/3895.cpp" />
		<Unit filename="codevs/3961.cpp" />
		<Unit filename="codevs/5709.cpp" />
		<Unit filename="hdu/1181.cpp" />
		<Unit filename="hdu/1342.cpp" />
		<Unit filename="hdu/2159.cpp" />
		<Unit filename="hdu/2952.cpp" />
		<Unit filename="luogu/1018.cpp" />
		<Unit filename="luogu/1020.cpp" />
		<Unit filename="luogu/1043.cpp" />
		<Unit filename="luogu/1048.cpp" />
		<Unit filename="luogu/1063.cpp" />
		<Unit filename="luogu/1064.cpp" />
		<Unit filename="luogu/1595.cpp" />
		<Unit filename="luogu/1706.cpp" />
		<Unit filename="luogu/1880.cpp" />
		<Unit filename="main.cpp" />
		<Unit filename="noi-openjudge/1751.cpp" />
		<Unit filename="noi-openjudge/6261.cpp" />
		<Unit filename="noi-openjudge/buggy/ch011311.cpp">
			<Option link="0" />
			<Option target="&lt;{~None~}&gt;" />
		</Unit>
		<Unit filename="noi-openjudge/ch0101.cpp" />
		<Unit filename="noi-openjudge/ch0102.cpp" />
		<Unit filename="noi-openjudge/ch0103.cpp" />
		<Unit filename="noi-openjudge/ch0104.cpp" />
		<Unit filename="noi-openjudge/ch0105.cpp" />
		<Unit filename="noi-openjudge/ch0106.cpp" />
		<Unit filename="noi-openjudge/ch0107.cpp" />
		<Unit filename="noi-openjudge/ch0108.cpp" />
		<Unit filename="noi-openjudge/ch0109.cpp" />
		<Unit filename="noi-openjudge/ch0113.cpp" />
		<Unit filename="poj/3134.cpp" />
		<Unit filename="poj/3254.cpp" />
		<Unit filename="rqnoj/39.cpp" />
		<Unit filename="rqnoj/49.cpp" />
		<Unit filename="version.h" />
		<Unit filename="vijos/1025.cpp" />
		<Unit filename="vijos/1456.cpp" />
		<Unit filename="vijos/2728.cpp" />
		<Extensions>
			<AutoVersioning>
				<Scheme minor_max="1" build_max="0" rev_max="0" rev_rand_max="1" build_times_to_increment_minor="1000000" />
				<Settings autoincrement="0" date_declarations="0" use_define="0" update_manifest="1" do_auto_increment="0" ask_to_increment="0" language="C" svn="0" svn_directory="" header_path="version.h" />
				<Changes_Log show_changes_editor="0" app_title="released version %M.%m.%b of %p" changeslog_path="ChangesLog.txt" />
				<Code header_guard="VERSION_H" namespace="AutoVersion" prefix="" />
			</AutoVersioning>
			<code_completion />
			<envvars />
			<debugger />
			<lib_finder disable_auto="1" />
		</Extensions>
	</Project>
</CodeBlocks_project_file>
